// !$*UTF8*$!
{
	archiveVersion = 1;
	classes = {
	};
	objectVersion = 77;
	objects = {

/* Begin PBXBuildFile section */
		75F13ACE2E35891000B9B3DE /* PostPiqueShareExtension.appex in Embed Foundation Extensions */ = {isa = PBXBuildFile; fileRef = 75F13AC42E35890F00B9B3DE /* PostPiqueShareExtension.appex */; settings = {ATTRIBUTES = (RemoveHeadersOnCopy, ); }; };
/* End PBXBuildFile section */

/* Begin PBXContainerItemProxy section */
		75F13A9A2E3585E200B9B3DE /* PBXContainerItemProxy */ = {
			isa = PBXContainerItemProxy;
			containerPortal = 75F13A832E3585E000B9B3DE /* Project object */;
			proxyType = 1;
			remoteGlobalIDString = 75F13A8A2E3585E000B9B3DE;
			remoteInfo = PostPique;
		};
		75F13AA42E3585E200B9B3DE /* PBXContainerItemProxy */ = {
			isa = PBXContainerItemProxy;
			containerPortal = 75F13A832E3585E000B9B3DE /* Project object */;
			proxyType = 1;
			remoteGlobalIDString = 75F13A8A2E3585E000B9B3DE;
			remoteInfo = PostPique;
		};
		75F13ACC2E35891000B9B3DE /* PBXContainerItemProxy */ = {
			isa = PBXContainerItemProxy;
			containerPortal = 75F13A832E3585E000B9B3DE /* Project object */;
			proxyType = 1;
			remoteGlobalIDString = 75F13AC32E35890F00B9B3DE;
			remoteInfo = PostPiqueShareExtension;
		};
/* End PBXContainerItemProxy section */

/* Begin PBXCopyFilesBuildPhase section */
		75F13AD32E35891000B9B3DE /* Embed Foundation Extensions */ = {
			isa = PBXCopyFilesBuildPhase;
			buildActionMask = 2147483647;
			dstPath = "";
			dstSubfolderSpec = 13;
			files = (
				75F13ACE2E35891000B9B3DE /* PostPiqueShareExtension.appex in Embed Foundation Extensions */,
			);
			name = "Embed Foundation Extensions";
			runOnlyForDeploymentPostprocessing = 0;
		};
/* End PBXCopyFilesBuildPhase section */

/* Begin PBXFileReference section */
		75723DC72E370EA600032840 /* PostPique.xctestplan */ = {isa = PBXFileReference; lastKnownFileType = text; path = PostPique.xctestplan; sourceTree = "<group>"; };
		75723DC82E370F2D00032840 /* PostPiqueShareExtension.xctestplan */ = {isa = PBXFileReference; lastKnownFileType = text; path = PostPiqueShareExtension.xctestplan; sourceTree = "<group>"; };
		75F13A8B2E3585E000B9B3DE /* PostPique.app */ = {isa = PBXFileReference; explicitFileType = wrapper.application; includeInIndex = 0; path = PostPique.app; sourceTree = BUILT_PRODUCTS_DIR; };
		75F13A992E3585E200B9B3DE /* PostPiqueTests.xctest */ = {isa = PBXFileReference; explicitFileType = wrapper.cfbundle; includeInIndex = 0; path = PostPiqueTests.xctest; sourceTree = BUILT_PRODUCTS_DIR; };
		75F13AA32E3585E200B9B3DE /* PostPiqueUITests.xctest */ = {isa = PBXFileReference; explicitFileType = wrapper.cfbundle; includeInIndex = 0; path = PostPiqueUITests.xctest; sourceTree = BUILT_PRODUCTS_DIR; };
		75F13AC42E35890F00B9B3DE /* PostPiqueShareExtension.appex */ = {isa = PBXFileReference; explicitFileType = "wrapper.app-extension"; includeInIndex = 0; path = PostPiqueShareExtension.appex; sourceTree = BUILT_PRODUCTS_DIR; };
/* End PBXFileReference section */

/* Begin PBXFileSystemSynchronizedBuildFileExceptionSet section */
		75F13ACF2E35891000B9B3DE /* Exceptions for "PostPiqueShareExtension" folder in "PostPiqueShareExtension" target */ = {
			isa = PBXFileSystemSynchronizedBuildFileExceptionSet;
			membershipExceptions = (
				Info.plist,
			);
			target = 75F13AC32E35890F00B9B3DE /* PostPiqueShareExtension */;
		};
		75F13ADA2E358A2700B9B3DE /* Exceptions for "PostPique" folder in "PostPiqueShareExtension" target */ = {
			isa = PBXFileSystemSynchronizedBuildFileExceptionSet;
			membershipExceptions = (
				Assets.xcassets,
				GitHubAPIService.swift,
				KeychainService.swift,
				Models.swift,
			);
			target = 75F13AC32E35890F00B9B3DE /* PostPiqueShareExtension */;
		};
/* End PBXFileSystemSynchronizedBuildFileExceptionSet section */

/* Begin PBXFileSystemSynchronizedRootGroup section */
		75F13A8D2E3585E000B9B3DE /* PostPique */ = {
			isa = PBXFileSystemSynchronizedRootGroup;
			exceptions = (
				75F13ADA2E358A2700B9B3DE /* Exceptions for "PostPique" folder in "PostPiqueShareExtension" target */,
			);
			path = PostPique;
			sourceTree = "<group>";
		};
		75F13A9C2E3585E200B9B3DE /* PostPiqueTests */ = {
			isa = PBXFileSystemSynchronizedRootGroup;
			path = PostPiqueTests;
			sourceTree = "<group>";
		};
		75F13AA62E3585E200B9B3DE /* PostPiqueUITests */ = {
			isa = PBXFileSystemSynchronizedRootGroup;
			path = PostPiqueUITests;
			sourceTree = "<group>";
		};
		75F13AC52E35890F00B9B3DE /* PostPiqueShareExtension */ = {
			isa = PBXFileSystemSynchronizedRootGroup;
			exceptions = (
				75F13ACF2E35891000B9B3DE /* Exceptions for "PostPiqueShareExtension" folder in "PostPiqueShareExtension" target */,
			);
			path = PostPiqueShareExtension;
			sourceTree = "<group>";
		};
/* End PBXFileSystemSynchronizedRootGroup section */

/* Begin PBXFrameworksBuildPhase section */
		75F13A882E3585E000B9B3DE /* Frameworks */ = {
			isa = PBXFrameworksBuildPhase;
			buildActionMask = 2147483647;
			files = (
			);
			runOnlyForDeploymentPostprocessing = 0;
		};
		75F13A962E3585E200B9B3DE /* Frameworks */ = {
			isa = PBXFrameworksBuildPhase;
			buildActionMask = 2147483647;
			files = (
			);
			runOnlyForDeploymentPostprocessing = 0;
		};
		75F13AA02E3585E200B9B3DE /* Frameworks */ = {
			isa = PBXFrameworksBuildPhase;
			buildActionMask = 2147483647;
			files = (
			);
			runOnlyForDeploymentPostprocessing = 0;
		};
		75F13AC12E35890F00B9B3DE /* Frameworks */ = {
			isa = PBXFrameworksBuildPhase;
			buildActionMask = 2147483647;
			files = (
			);
			runOnlyForDeploymentPostprocessing = 0;
		};
/* End PBXFrameworksBuildPhase section */

/* Begin PBXGroup section */
		75F13A822E3585E000B9B3DE = {
			isa = PBXGroup;
			children = (
				75723DC82E370F2D00032840 /* PostPiqueShareExtension.xctestplan */,
				75723DC72E370EA600032840 /* PostPique.xctestplan */,
				75F13A8D2E3585E000B9B3DE /* PostPique */,
				75F13A9C2E3585E200B9B3DE /* PostPiqueTests */,
				75F13AA62E3585E200B9B3DE /* PostPiqueUITests */,
				75F13AC52E35890F00B9B3DE /* PostPiqueShareExtension */,
				75F13A8C2E3585E000B9B3DE /* Products */,
			);
			sourceTree = "<group>";
		};
		75F13A8C2E3585E000B9B3DE /* Products */ = {
			isa = PBXGroup;
			children = (
				75F13A8B2E3585E000B9B3DE /* PostPique.app */,
				75F13A992E3585E200B9B3DE /* PostPiqueTests.xctest */,
				75F13AA32E3585E200B9B3DE /* PostPiqueUITests.xctest */,
				75F13AC42E35890F00B9B3DE /* PostPiqueShareExtension.appex */,
			);
			name = Products;
			sourceTree = "<group>";
		};
/* End PBXGroup section */

/* Begin PBXNativeTarget section */
		75F13A8A2E3585E000B9B3DE /* PostPique */ = {
			isa = PBXNativeTarget;
			buildConfigurationList = 75F13AAD2E3585E200B9B3DE /* Build configuration list for PBXNativeTarget "PostPique" */;
			buildPhases = (
				75F13A872E3585E000B9B3DE /* Sources */,
				75F13A882E3585E000B9B3DE /* Frameworks */,
				75F13A892E3585E000B9B3DE /* Resources */,
				75F13AD32E35891000B9B3DE /* Embed Foundation Extensions */,
			);
			buildRules = (
			);
			dependencies = (
				75F13ACD2E35891000B9B3DE /* PBXTargetDependency */,
			);
			fileSystemSynchronizedGroups = (
				75F13A8D2E3585E000B9B3DE /* PostPique */,
			);
			name = PostPique;
			packageProductDependencies = (
			);
			productName = PostPique;
			productReference = 75F13A8B2E3585E000B9B3DE /* PostPique.app */;
			productType = "com.apple.product-type.application";
		};
		75F13A982E3585E200B9B3DE /* PostPiqueTests */ = {
			isa = PBXNativeTarget;
			buildConfigurationList = 75F13AB02E3585E200B9B3DE /* Build configuration list for PBXNativeTarget "PostPiqueTests" */;
			buildPhases = (
				75F13A952E3585E200B9B3DE /* Sources */,
				75F13A962E3585E200B9B3DE /* Frameworks */,
				75F13A972E3585E200B9B3DE /* Resources */,
			);
			buildRules = (
			);
			dependencies = (
				75F13A9B2E3585E200B9B3DE /* PBXTargetDependency */,
			);
			fileSystemSynchronizedGroups = (
				75F13A9C2E3585E200B9B3DE /* PostPiqueTests */,
			);
			name = PostPiqueTests;
			packageProductDependencies = (
			);
			productName = PostPiqueTests;
			productReference = 75F13A992E3585E200B9B3DE /* PostPiqueTests.xctest */;
			productType = "com.apple.product-type.bundle.unit-test";
		};
		75F13AA22E3585E200B9B3DE /* PostPiqueUITests */ = {
			isa = PBXNativeTarget;
			buildConfigurationList = 75F13AB32E3585E200B9B3DE /* Build configuration list for PBXNativeTarget "PostPiqueUITests" */;
			buildPhases = (
				75F13A9F2E3585E200B9B3DE /* Sources */,
				75F13AA02E3585E200B9B3DE /* Frameworks */,
				75F13AA12E3585E200B9B3DE /* Resources */,
			);
			buildRules = (
			);
			dependencies = (
				75F13AA52E3585E200B9B3DE /* PBXTargetDependency */,
			);
			fileSystemSynchronizedGroups = (
				75F13AA62E3585E200B9B3DE /* PostPiqueUITests */,
			);
			name = PostPiqueUITests;
			packageProductDependencies = (
			);
			productName = PostPiqueUITests;
			productReference = 75F13AA32E3585E200B9B3DE /* PostPiqueUITests.xctest */;
			productType = "com.apple.product-type.bundle.ui-testing";
		};
		75F13AC32E35890F00B9B3DE /* PostPiqueShareExtension */ = {
			isa = PBXNativeTarget;
			buildConfigurationList = 75F13AD02E35891000B9B3DE /* Build configuration list for PBXNativeTarget "PostPiqueShareExtension" */;
			buildPhases = (
				75F13AC02E35890F00B9B3DE /* Sources */,
				75F13AC12E35890F00B9B3DE /* Frameworks */,
				75F13AC22E35890F00B9B3DE /* Resources */,
			);
			buildRules = (
			);
			dependencies = (
			);
			fileSystemSynchronizedGroups = (
				75F13AC52E35890F00B9B3DE /* PostPiqueShareExtension */,
			);
			name = PostPiqueShareExtension;
			packageProductDependencies = (
			);
			productName = PostPiqueShareExtension;
			productReference = 75F13AC42E35890F00B9B3DE /* PostPiqueShareExtension.appex */;
			productType = "com.apple.product-type.app-extension";
		};
/* End PBXNativeTarget section */

/* Begin PBXProject section */
		75F13A832E3585E000B9B3DE /* Project object */ = {
			isa = PBXProject;
			attributes = {
				BuildIndependentTargetsInParallel = 1;
				LastSwiftUpdateCheck = 1640;
				LastUpgradeCheck = 1640;
				TargetAttributes = {
					75F13A8A2E3585E000B9B3DE = {
						CreatedOnToolsVersion = 16.4;
					};
					75F13A982E3585E200B9B3DE = {
						CreatedOnToolsVersion = 16.4;
						TestTargetID = 75F13A8A2E3585E000B9B3DE;
					};
					75F13AA22E3585E200B9B3DE = {
						CreatedOnToolsVersion = 16.4;
						TestTargetID = 75F13A8A2E3585E000B9B3DE;
					};
					75F13AC32E35890F00B9B3DE = {
						CreatedOnToolsVersion = 16.4;
					};
				};
			};
			buildConfigurationList = 75F13A862E3585E000B9B3DE /* Build configuration list for PBXProject "PostPique" */;
			developmentRegion = en;
			hasScannedForEncodings = 0;
			knownRegions = (
				en,
				Base,
			);
			mainGroup = 75F13A822E3585E000B9B3DE;
			minimizedProjectReferenceProxies = 1;
			packageReferences = (
			);
			preferredProjectObjectVersion = 77;
			productRefGroup = 75F13A8C2E3585E000B9B3DE /* Products */;
			projectDirPath = "";
			projectRoot = "";
			targets = (
				75F13A8A2E3585E000B9B3DE /* PostPique */,
				75F13A982E3585E200B9B3DE /* PostPiqueTests */,
				75F13AA22E3585E200B9B3DE /* PostPiqueUITests */,
				75F13AC32E35890F00B9B3DE /* PostPiqueShareExtension */,
			);
		};
/* End PBXProject section */

/* Begin PBXResourcesBuildPhase section */
		75F13A892E3585E000B9B3DE /* Resources */ = {
			isa = PBXResourcesBuildPhase;
			buildActionMask = 2147483647;
			files = (
			);
			runOnlyForDeploymentPostprocessing = 0;
		};
		75F13A972E3585E200B9B3DE /* Resources */ = {
			isa = PBXResourcesBuildPhase;
			buildActionMask = 2147483647;
			files = (
			);
			runOnlyForDeploymentPostprocessing = 0;
		};
		75F13AA12E3585E200B9B3DE /* Resources */ = {
			isa = PBXResourcesBuildPhase;
			buildActionMask = 2147483647;
			files = (
			);
			runOnlyForDeploymentPostprocessing = 0;
		};
		75F13AC22E35890F00B9B3DE /* Resources */ = {
			isa = PBXResourcesBuildPhase;
			buildActionMask = 2147483647;
			files = (
			);
			runOnlyForDeploymentPostprocessing = 0;
		};
/* End PBXResourcesBuildPhase section */

/* Begin PBXSourcesBuildPhase section */
		75F13A872E3585E000B9B3DE /* Sources */ = {
			isa = PBXSourcesBuildPhase;
			buildActionMask = 2147483647;
			files = (
			);
			runOnlyForDeploymentPostprocessing = 0;
		};
		75F13A952E3585E200B9B3DE /* Sources */ = {
			isa = PBXSourcesBuildPhase;
			buildActionMask = 2147483647;
			files = (
			);
			runOnlyForDeploymentPostprocessing = 0;
		};
		75F13A9F2E3585E200B9B3DE /* Sources */ = {
			isa = PBXSourcesBuildPhase;
			buildActionMask = 2147483647;
			files = (
			);
			runOnlyForDeploymentPostprocessing = 0;
		};
		75F13AC02E35890F00B9B3DE /* Sources */ = {
			isa = PBXSourcesBuildPhase;
			buildActionMask = 2147483647;
			files = (
			);
			runOnlyForDeploymentPostprocessing = 0;
		};
/* End PBXSourcesBuildPhase section */

/* Begin PBXTargetDependency section */
		75F13A9B2E3585E200B9B3DE /* PBXTargetDependency */ = {
			isa = PBXTargetDependency;
			target = 75F13A8A2E3585E000B9B3DE /* PostPique */;
			targetProxy = 75F13A9A2E3585E200B9B3DE /* PBXContainerItemProxy */;
		};
		75F13AA52E3585E200B9B3DE /* PBXTargetDependency */ = {
			isa = PBXTargetDependency;
			target = 75F13A8A2E3585E000B9B3DE /* PostPique */;
			targetProxy = 75F13AA42E3585E200B9B3DE /* PBXContainerItemProxy */;
		};
		75F13ACD2E35891000B9B3DE /* PBXTargetDependency */ = {
			isa = PBXTargetDependency;
			target = 75F13AC32E35890F00B9B3DE /* PostPiqueShareExtension */;
			targetProxy = 75F13ACC2E35891000B9B3DE /* PBXContainerItemProxy */;
		};
/* End PBXTargetDependency section */

/* Begin XCBuildConfiguration section */
		75F13AAB2E3585E200B9B3DE /* Debug */ = {
			isa = XCBuildConfiguration;
			buildSettings = {
				ALWAYS_SEARCH_USER_PATHS = NO;
				ASSETCATALOG_COMPILER_GENERATE_SWIFT_ASSET_SYMBOL_EXTENSIONS = YES;
				CLANG_ANALYZER_NONNULL = YES;
				CLANG_ANALYZER_NUMBER_OBJECT_CONVERSION = YES_AGGRESSIVE;
				CLANG_CXX_LANGUAGE_STANDARD = "gnu++20";
				CLANG_ENABLE_MODULES = YES;
				CLANG_ENABLE_OBJC_ARC = YES;
				CLANG_ENABLE_OBJC_WEAK = YES;
				CLANG_WARN_BLOCK_CAPTURE_AUTORELEASING = YES;
				CLANG_WARN_BOOL_CONVERSION = YES;
				CLANG_WARN_COMMA = YES;
				CLANG_WARN_CONSTANT_CONVERSION = YES;
				CLANG_WARN_DEPRECATED_OBJC_IMPLEMENTATIONS = YES;
				CLANG_WARN_DIRECT_OBJC_ISA_USAGE = YES_ERROR;
				CLANG_WARN_DOCUMENTATION_COMMENTS = YES;
				CLANG_WARN_EMPTY_BODY = YES;
				CLANG_WARN_ENUM_CONVERSION = YES;
				CLANG_WARN_INFINITE_RECURSION = YES;
				CLANG_WARN_INT_CONVERSION = YES;
				CLANG_WARN_NON_LITERAL_NULL_CONVERSION = YES;
				CLANG_WARN_OBJC_IMPLICIT_RETAIN_SELF = YES;
				CLANG_WARN_OBJC_LITERAL_CONVERSION = YES;
				CLANG_WARN_OBJC_ROOT_CLASS = YES_ERROR;
				CLANG_WARN_QUOTED_INCLUDE_IN_FRAMEWORK_HEADER = YES;
				CLANG_WARN_RANGE_LOOP_ANALYSIS = YES;
				CLANG_WARN_STRICT_PROTOTYPES = YES;
				CLANG_WARN_SUSPICIOUS_MOVE = YES;
				CLANG_WARN_UNGUARDED_AVAILABILITY = YES_AGGRESSIVE;
				CLANG_WARN_UNREACHABLE_CODE = YES;
				CLANG_WARN__DUPLICATE_METHOD_MATCH = YES;
				COPY_PHASE_STRIP = NO;
				DEBUG_INFORMATION_FORMAT = dwarf;
				DEVELOPMENT_TEAM = RT39N6W586;
				ENABLE_STRICT_OBJC_MSGSEND = YES;
				ENABLE_TESTABILITY = YES;
				ENABLE_USER_SCRIPT_SANDBOXING = YES;
				GCC_C_LANGUAGE_STANDARD = gnu17;
				GCC_DYNAMIC_NO_PIC = NO;
				GCC_NO_COMMON_BLOCKS = YES;
				GCC_OPTIMIZATION_LEVEL = 0;
				GCC_PREPROCESSOR_DEFINITIONS = (
					"DEBUG=1",
					"$(inherited)",
				);
				GCC_WARN_64_TO_32_BIT_CONVERSION = YES;
				GCC_WARN_ABOUT_RETURN_TYPE = YES_ERROR;
				GCC_WARN_UNDECLARED_SELECTOR = YES;
				GCC_WARN_UNINITIALIZED_AUTOS = YES_AGGRESSIVE;
				GCC_WARN_UNUSED_FUNCTION = YES;
				GCC_WARN_UNUSED_VARIABLE = YES;
				LOCALIZATION_PREFERS_STRING_CATALOGS = YES;
				MTL_ENABLE_DEBUG_INFO = INCLUDE_SOURCE;
				MTL_FAST_MATH = YES;
				ONLY_ACTIVE_ARCH = YES;
				SWIFT_ACTIVE_COMPILATION_CONDITIONS = "DEBUG $(inherited)";
				SWIFT_OPTIMIZATION_LEVEL = "-Onone";
			};
			name = Debug;
		};
		75F13AAC2E3585E200B9B3DE /* Release */ = {
			isa = XCBuildConfiguration;
			buildSettings = {
				ALWAYS_SEARCH_USER_PATHS = NO;
				ASSETCATALOG_COMPILER_GENERATE_SWIFT_ASSET_SYMBOL_EXTENSIONS = YES;
				CLANG_ANALYZER_NONNULL = YES;
				CLANG_ANALYZER_NUMBER_OBJECT_CONVERSION = YES_AGGRESSIVE;
				CLANG_CXX_LANGUAGE_STANDARD = "gnu++20";
				CLANG_ENABLE_MODULES = YES;
				CLANG_ENABLE_OBJC_ARC = YES;
				CLANG_ENABLE_OBJC_WEAK = YES;
				CLANG_WARN_BLOCK_CAPTURE_AUTORELEASING = YES;
				CLANG_WARN_BOOL_CONVERSION = YES;
				CLANG_WARN_COMMA = YES;
				CLANG_WARN_CONSTANT_CONVERSION = YES;
				CLANG_WARN_DEPRECATED_OBJC_IMPLEMENTATIONS = YES;
				CLANG_WARN_DIRECT_OBJC_ISA_USAGE = YES_ERROR;
				CLANG_WARN_DOCUMENTATION_COMMENTS = YES;
				CLANG_WARN_EMPTY_BODY = YES;
				CLANG_WARN_ENUM_CONVERSION = YES;
				CLANG_WARN_INFINITE_RECURSION = YES;
				CLANG_WARN_INT_CONVERSION = YES;
				CLANG_WARN_NON_LITERAL_NULL_CONVERSION = YES;
				CLANG_WARN_OBJC_IMPLICIT_RETAIN_SELF = YES;
				CLANG_WARN_OBJC_LITERAL_CONVERSION = YES;
				CLANG_WARN_OBJC_ROOT_CLASS = YES_ERROR;
				CLANG_WARN_QUOTED_INCLUDE_IN_FRAMEWORK_HEADER = YES;
				CLANG_WARN_RANGE_LOOP_ANALYSIS = YES;
				CLANG_WARN_STRICT_PROTOTYPES = YES;
				CLANG_WARN_SUSPICIOUS_MOVE = YES;
				CLANG_WARN_UNGUARDED_AVAILABILITY = YES_AGGRESSIVE;
				CLANG_WARN_UNREACHABLE_CODE = YES;
				CLANG_WARN__DUPLICATE_METHOD_MATCH = YES;
				COPY_PHASE_STRIP = NO;
				DEBUG_INFORMATION_FORMAT = "dwarf-with-dsym";
				DEVELOPMENT_TEAM = RT39N6W586;
				ENABLE_NS_ASSERTIONS = NO;
				ENABLE_STRICT_OBJC_MSGSEND = YES;
				ENABLE_USER_SCRIPT_SANDBOXING = YES;
				GCC_C_LANGUAGE_STANDARD = gnu17;
				GCC_NO_COMMON_BLOCKS = YES;
				GCC_WARN_64_TO_32_BIT_CONVERSION = YES;
				GCC_WARN_ABOUT_RETURN_TYPE = YES_ERROR;
				GCC_WARN_UNDECLARED_SELECTOR = YES;
				GCC_WARN_UNINITIALIZED_AUTOS = YES_AGGRESSIVE;
				GCC_WARN_UNUSED_FUNCTION = YES;
				GCC_WARN_UNUSED_VARIABLE = YES;
				LOCALIZATION_PREFERS_STRING_CATALOGS = YES;
				MTL_ENABLE_DEBUG_INFO = NO;
				MTL_FAST_MATH = YES;
				SWIFT_COMPILATION_MODE = wholemodule;
			};
			name = Release;
		};
		75F13AAE2E3585E200B9B3DE /* Debug */ = {
			isa = XCBuildConfiguration;
			buildSettings = {
				ASSETCATALOG_COMPILER_APPICON_NAME = AppIcon;
				ASSETCATALOG_COMPILER_GLOBAL_ACCENT_COLOR_NAME = AccentColor;
				ASSETCATALOG_COMPILER_INCLUDE_ALL_APPICON_ASSETS = YES;
				CODE_SIGN_ENTITLEMENTS = PostPique/PostPique.entitlements;
				CODE_SIGN_STYLE = Automatic;
				CURRENT_PROJECT_VERSION = 1;
				DEVELOPMENT_TEAM = RT39N6W586;
				ENABLE_HARDENED_RUNTIME = YES;
				ENABLE_PREVIEWS = YES;
				GENERATE_INFOPLIST_FILE = YES;
				"INFOPLIST_KEY_UIApplicationSceneManifest_Generation[sdk=iphoneos*]" = YES;
				"INFOPLIST_KEY_UIApplicationSceneManifest_Generation[sdk=iphonesimulator*]" = YES;
				"INFOPLIST_KEY_UIApplicationSupportsIndirectInputEvents[sdk=iphoneos*]" = YES;
				"INFOPLIST_KEY_UIApplicationSupportsIndirectInputEvents[sdk=iphonesimulator*]" = YES;
				"INFOPLIST_KEY_UILaunchScreen_Generation[sdk=iphoneos*]" = YES;
				"INFOPLIST_KEY_UILaunchScreen_Generation[sdk=iphonesimulator*]" = YES;
				"INFOPLIST_KEY_UIStatusBarStyle[sdk=iphoneos*]" = UIStatusBarStyleDefault;
				"INFOPLIST_KEY_UIStatusBarStyle[sdk=iphonesimulator*]" = UIStatusBarStyleDefault;
				INFOPLIST_KEY_UISupportedInterfaceOrientations_iPad = "UIInterfaceOrientationPortrait UIInterfaceOrientationPortraitUpsideDown UIInterfaceOrientationLandscapeLeft UIInterfaceOrientationLandscapeRight";
				INFOPLIST_KEY_UISupportedInterfaceOrientations_iPhone = "UIInterfaceOrientationPortrait UIInterfaceOrientationLandscapeLeft UIInterfaceOrientationLandscapeRight";
				IPHONEOS_DEPLOYMENT_TARGET = 18.0;
				LD_RUNPATH_SEARCH_PATHS = "@executable_path/Frameworks";
				"LD_RUNPATH_SEARCH_PATHS[sdk=macosx*]" = "@executable_path/../Frameworks";
				MACOSX_DEPLOYMENT_TARGET = 15.0;
				MARKETING_VERSION = 1.0;
				PRODUCT_BUNDLE_IDENTIFIER = com.kyleolivo.PostPique;
				PRODUCT_NAME = "$(TARGET_NAME)";
				REGISTER_APP_GROUPS = YES;
				SDKROOT = auto;
				SUPPORTED_PLATFORMS = "iphoneos iphonesimulator macosx";
				SUPPORTS_MACCATALYST = NO;
				SWIFT_EMIT_LOC_STRINGS = YES;
				SWIFT_VERSION = 5.0;
				TARGETED_DEVICE_FAMILY = "1,2";
				XROS_DEPLOYMENT_TARGET = 2.0;
			};
			name = Debug;
		};
		75F13AAF2E3585E200B9B3DE /* Release */ = {
			isa = XCBuildConfiguration;
			buildSettings = {
				ASSETCATALOG_COMPILER_APPICON_NAME = AppIcon;
				ASSETCATALOG_COMPILER_GLOBAL_ACCENT_COLOR_NAME = AccentColor;
				ASSETCATALOG_COMPILER_INCLUDE_ALL_APPICON_ASSETS = YES;
				CODE_SIGN_ENTITLEMENTS = PostPique/PostPique.entitlements;
				CODE_SIGN_STYLE = Automatic;
				CURRENT_PROJECT_VERSION = 1;
				DEVELOPMENT_TEAM = RT39N6W586;
				ENABLE_HARDENED_RUNTIME = YES;
				ENABLE_PREVIEWS = YES;
				GENERATE_INFOPLIST_FILE = YES;
				"INFOPLIST_KEY_UIApplicationSceneManifest_Generation[sdk=iphoneos*]" = YES;
				"INFOPLIST_KEY_UIApplicationSceneManifest_Generation[sdk=iphonesimulator*]" = YES;
				"INFOPLIST_KEY_UIApplicationSupportsIndirectInputEvents[sdk=iphoneos*]" = YES;
				"INFOPLIST_KEY_UIApplicationSupportsIndirectInputEvents[sdk=iphonesimulator*]" = YES;
				"INFOPLIST_KEY_UILaunchScreen_Generation[sdk=iphoneos*]" = YES;
				"INFOPLIST_KEY_UILaunchScreen_Generation[sdk=iphonesimulator*]" = YES;
				"INFOPLIST_KEY_UIStatusBarStyle[sdk=iphoneos*]" = UIStatusBarStyleDefault;
				"INFOPLIST_KEY_UIStatusBarStyle[sdk=iphonesimulator*]" = UIStatusBarStyleDefault;
				INFOPLIST_KEY_UISupportedInterfaceOrientations_iPad = "UIInterfaceOrientationPortrait UIInterfaceOrientationPortraitUpsideDown UIInterfaceOrientationLandscapeLeft UIInterfaceOrientationLandscapeRight";
				INFOPLIST_KEY_UISupportedInterfaceOrientations_iPhone = "UIInterfaceOrientationPortrait UIInterfaceOrientationLandscapeLeft UIInterfaceOrientationLandscapeRight";
				IPHONEOS_DEPLOYMENT_TARGET = 18.0;
				LD_RUNPATH_SEARCH_PATHS = "@executable_path/Frameworks";
				"LD_RUNPATH_SEARCH_PATHS[sdk=macosx*]" = "@executable_path/../Frameworks";
				MACOSX_DEPLOYMENT_TARGET = 15.0;
				MARKETING_VERSION = 1.0;
				PRODUCT_BUNDLE_IDENTIFIER = com.kyleolivo.PostPique;
				PRODUCT_NAME = "$(TARGET_NAME)";
				REGISTER_APP_GROUPS = YES;
				SDKROOT = auto;
				SUPPORTED_PLATFORMS = "iphoneos iphonesimulator macosx";
				SUPPORTS_MACCATALYST = NO;
				SWIFT_EMIT_LOC_STRINGS = YES;
				SWIFT_VERSION = 5.0;
				TARGETED_DEVICE_FAMILY = "1,2";
				XROS_DEPLOYMENT_TARGET = 2.0;
			};
			name = Release;
		};
		75F13AB12E3585E200B9B3DE /* Debug */ = {
			isa = XCBuildConfiguration;
			buildSettings = {
				BUNDLE_LOADER = "$(TEST_HOST)";
				CODE_SIGN_STYLE = Automatic;
				CURRENT_PROJECT_VERSION = 1;
				DEVELOPMENT_TEAM = RT39N6W586;
				GENERATE_INFOPLIST_FILE = YES;
				IPHONEOS_DEPLOYMENT_TARGET = 18.5;
				MACOSX_DEPLOYMENT_TARGET = 15.5;
				MARKETING_VERSION = 1.0;
				PRODUCT_BUNDLE_IDENTIFIER = com.kyleolivo.PostPiqueTests;
				PRODUCT_NAME = "$(TARGET_NAME)";
				SDKROOT = auto;
				SUPPORTED_PLATFORMS = "iphoneos iphonesimulator macosx xros xrsimulator";
				SWIFT_EMIT_LOC_STRINGS = NO;
				SWIFT_VERSION = 5.0;
				TARGETED_DEVICE_FAMILY = "1,2,7";
				TEST_HOST = "$(BUILT_PRODUCTS_DIR)/PostPique.app/$(BUNDLE_EXECUTABLE_FOLDER_PATH)/PostPique";
				XROS_DEPLOYMENT_TARGET = 2.5;
			};
			name = Debug;
		};
		75F13AB22E3585E200B9B3DE /* Release */ = {
			isa = XCBuildConfiguration;
			buildSettings = {
				BUNDLE_LOADER = "$(TEST_HOST)";
				CODE_SIGN_STYLE = Automatic;
				CURRENT_PROJECT_VERSION = 1;
				DEVELOPMENT_TEAM = RT39N6W586;
				GENERATE_INFOPLIST_FILE = YES;
				IPHONEOS_DEPLOYMENT_TARGET = 18.5;
				MACOSX_DEPLOYMENT_TARGET = 15.5;
				MARKETING_VERSION = 1.0;
				PRODUCT_BUNDLE_IDENTIFIER = com.kyleolivo.PostPiqueTests;
				PRODUCT_NAME = "$(TARGET_NAME)";
				SDKROOT = auto;
				SUPPORTED_PLATFORMS = "iphoneos iphonesimulator macosx xros xrsimulator";
				SWIFT_EMIT_LOC_STRINGS = NO;
				SWIFT_VERSION = 5.0;
				TARGETED_DEVICE_FAMILY = "1,2,7";
				TEST_HOST = "$(BUILT_PRODUCTS_DIR)/PostPique.app/$(BUNDLE_EXECUTABLE_FOLDER_PATH)/PostPique";
				XROS_DEPLOYMENT_TARGET = 2.5;
			};
			name = Release;
		};
		75F13AB42E3585E200B9B3DE /* Debug */ = {
			isa = XCBuildConfiguration;
			buildSettings = {
				CODE_SIGN_STYLE = Automatic;
				CURRENT_PROJECT_VERSION = 1;
				DEVELOPMENT_TEAM = RT39N6W586;
				GENERATE_INFOPLIST_FILE = YES;
				IPHONEOS_DEPLOYMENT_TARGET = 18.5;
				MACOSX_DEPLOYMENT_TARGET = 15.5;
				MARKETING_VERSION = 1.0;
				PRODUCT_BUNDLE_IDENTIFIER = com.kyleolivo.PostPiqueUITests;
				PRODUCT_NAME = "$(TARGET_NAME)";
				SDKROOT = auto;
				SUPPORTED_PLATFORMS = "iphoneos iphonesimulator macosx xros xrsimulator";
				SWIFT_EMIT_LOC_STRINGS = NO;
				SWIFT_VERSION = 5.0;
				TARGETED_DEVICE_FAMILY = "1,2,7";
				TEST_TARGET_NAME = PostPique;
				XROS_DEPLOYMENT_TARGET = 2.5;
			};
			name = Debug;
		};
		75F13AB52E3585E200B9B3DE /* Release */ = {
			isa = XCBuildConfiguration;
			buildSettings = {
				CODE_SIGN_STYLE = Automatic;
				CURRENT_PROJECT_VERSION = 1;
				DEVELOPMENT_TEAM = RT39N6W586;
				GENERATE_INFOPLIST_FILE = YES;
				IPHONEOS_DEPLOYMENT_TARGET = 18.5;
				MACOSX_DEPLOYMENT_TARGET = 15.5;
				MARKETING_VERSION = 1.0;
				PRODUCT_BUNDLE_IDENTIFIER = com.kyleolivo.PostPiqueUITests;
				PRODUCT_NAME = "$(TARGET_NAME)";
				SDKROOT = auto;
				SUPPORTED_PLATFORMS = "iphoneos iphonesimulator macosx xros xrsimulator";
				SWIFT_EMIT_LOC_STRINGS = NO;
				SWIFT_VERSION = 5.0;
				TARGETED_DEVICE_FAMILY = "1,2,7";
				TEST_TARGET_NAME = PostPique;
				XROS_DEPLOYMENT_TARGET = 2.5;
			};
			name = Release;
		};
		75F13AD12E35891000B9B3DE /* Debug */ = {
			isa = XCBuildConfiguration;
			buildSettings = {
				ALLOW_TARGET_PLATFORM_SPECIALIZATION = YES;
				CODE_SIGN_ENTITLEMENTS = PostPiqueShareExtension/PostPiqueShareExtension.entitlements;
				CODE_SIGN_STYLE = Automatic;
				CURRENT_PROJECT_VERSION = 1;
				DEVELOPMENT_TEAM = RT39N6W586;
				GENERATE_INFOPLIST_FILE = YES;
				INFOPLIST_FILE = PostPiqueShareExtension/Info.plist;
				INFOPLIST_KEY_CFBundleDisplayName = PostPique;
				INFOPLIST_KEY_NSHumanReadableCopyright = "";
				IPHONEOS_DEPLOYMENT_TARGET = 18.5;
				LD_RUNPATH_SEARCH_PATHS = (
					"$(inherited)",
					"@executable_path/Frameworks",
					"@executable_path/../../Frameworks",
				);
				MARKETING_VERSION = 1.0;
				PRODUCT_BUNDLE_IDENTIFIER = com.kyleolivo.PostPique.PostPiqueShareExtension;
				PRODUCT_NAME = "$(TARGET_NAME)";
				SDKROOT = macosx;
				SKIP_INSTALL = YES;
				SUPPORTED_PLATFORMS = "xrsimulator xros watchsimulator watchos macosx iphonesimulator iphoneos driverkit appletvsimulator appletvos";
				SUPPORTS_MACCATALYST = YES;
				SWIFT_EMIT_LOC_STRINGS = YES;
				SWIFT_VERSION = 5.0;
				TARGETED_DEVICE_FAMILY = "1,2";
			};
			name = Debug;
		};
		75F13AD22E35891000B9B3DE /* Release */ = {
			isa = XCBuildConfiguration;
			buildSettings = {
				ALLOW_TARGET_PLATFORM_SPECIALIZATION = YES;
				CODE_SIGN_ENTITLEMENTS = PostPiqueShareExtension/PostPiqueShareExtension.entitlements;
				CODE_SIGN_STYLE = Automatic;
				CURRENT_PROJECT_VERSION = 1;
				DEVELOPMENT_TEAM = RT39N6W586;
				GENERATE_INFOPLIST_FILE = YES;
				INFOPLIST_FILE = PostPiqueShareExtension/Info.plist;
				INFOPLIST_KEY_CFBundleDisplayName = PostPique;
				INFOPLIST_KEY_NSHumanReadableCopyright = "";
				IPHONEOS_DEPLOYMENT_TARGET = 18.5;
				LD_RUNPATH_SEARCH_PATHS = (
					"$(inherited)",
					"@executable_path/Frameworks",
					"@executable_path/../../Frameworks",
				);
				MARKETING_VERSION = 1.0;
				PRODUCT_BUNDLE_IDENTIFIER = com.kyleolivo.PostPique.PostPiqueShareExtension;
				PRODUCT_NAME = "$(TARGET_NAME)";
				SDKROOT = macosx;
				SKIP_INSTALL = YES;
				SUPPORTED_PLATFORMS = "xrsimulator xros watchsimulator watchos macosx iphonesimulator iphoneos driverkit appletvsimulator appletvos";
				SUPPORTS_MACCATALYST = YES;
				SWIFT_EMIT_LOC_STRINGS = YES;
				SWIFT_VERSION = 5.0;
				TARGETED_DEVICE_FAMILY = "1,2";
				VALIDATE_PRODUCT = YES;
			};
			name = Release;
		};
/* End XCBuildConfiguration section */

/* Begin XCConfigurationList section */
		75F13A862E3585E000B9B3DE /* Build configuration list for PBXProject "PostPique" */ = {
			isa = XCConfigurationList;
			buildConfigurations = (
				75F13AAB2E3585E200B9B3DE /* Debug */,
				75F13AAC2E3585E200B9B3DE /* Release */,
			);
			defaultConfigurationIsVisible = 0;
			defaultConfigurationName = Release;
		};
		75F13AAD2E3585E200B9B3DE /* Build configuration list for PBXNativeTarget "PostPique" */ = {
			isa = XCConfigurationList;
			buildConfigurations = (
				75F13AAE2E3585E200B9B3DE /* Debug */,
				75F13AAF2E3585E200B9B3DE /* Release */,
			);
			defaultConfigurationIsVisible = 0;
			defaultConfigurationName = Release;
		};
		75F13AB02E3585E200B9B3DE /* Build configuration list for PBXNativeTarget "PostPiqueTests" */ = {
			isa = XCConfigurationList;
			buildConfigurations = (
				75F13AB12E3585E200B9B3DE /* Debug */,
				75F13AB22E3585E200B9B3DE /* Release */,
			);
			defaultConfigurationIsVisible = 0;
			defaultConfigurationName = Release;
		};
		75F13AB32E3585E200B9B3DE /* Build configuration list for PBXNativeTarget "PostPiqueUITests" */ = {
			isa = XCConfigurationList;
			buildConfigurations = (
				75F13AB42E3585E200B9B3DE /* Debug */,
				75F13AB52E3585E200B9B3DE /* Release */,
			);
			defaultConfigurationIsVisible = 0;
			defaultConfigurationName = Release;
		};
		75F13AD02E35891000B9B3DE /* Build configuration list for PBXNativeTarget "PostPiqueShareExtension" */ = {
			isa = XCConfigurationList;
			buildConfigurations = (
				75F13AD12E35891000B9B3DE /* Debug */,
				75F13AD22E35891000B9B3DE /* Release */,
			);
			defaultConfigurationIsVisible = 0;
			defaultConfigurationName = Release;
		};
/* End XCConfigurationList section */
	};
	rootObject = 75F13A832E3585E000B9B3DE /* Project object */;
}
